{
  "name": "detectquery",
  "version": "1.0.0",
  "lockfileVersion": 1,
  "requires": true,
  "dependencies": {
    "colors": {
      "version": "1.4.0",
      "resolved": "https://registry.npmjs.org/colors/-/colors-1.4.0.tgz",
      "integrity": "sha512-a+UqTh4kgZg/SlGvfbzDHpgRu7AAQOmmqRHJnxhRZICKFUT91brVhNNt58CMWU9PsBbv3PDCZUHbVxuDiH2mtA=="
    },
    "cssom": {
      "version": "0.2.5",
      "resolved": "https://registry.npmjs.org/cssom/-/cssom-0.2.5.tgz",
      "integrity": "sha1-JoJwm1kC5yEt9SkRb/eIzVslSJQ="
    },
    "cssstyle": {
      "version": "0.2.37",
      "resolved": "https://registry.npmjs.org/cssstyle/-/cssstyle-0.2.37.tgz",
      "integrity": "sha1-VBCXI0yyUTyDzu06zdwn/yeYfVQ=",
      "requires": {
        "cssom": "0.3.x"
      },
      "dependencies": {
        "cssom": {
          "version": "0.3.8",
          "resolved": "https://registry.npmjs.org/cssom/-/cssom-0.3.8.tgz",
          "integrity": "sha512-b0tGHbfegbhPJpxpiBPU2sCkigAqtM9O121le6bbOlgyV+NyGyCmVfJ6QW9eRjz8CpNfWEOYBIMIGRYkLwsIYg=="
        }
      }
    },
    "fs": {
      "version": "0.0.1-security",
      "resolved": "https://registry.npmjs.org/fs/-/fs-0.0.1-security.tgz",
      "integrity": "sha1-invTcYa23d84E/I4WLV+yq9eQdQ="
    },
    "htmlparser": {
      "version": "1.7.7",
      "resolved": "https://registry.npmjs.org/htmlparser/-/htmlparser-1.7.7.tgz",
      "integrity": "sha1-GeezmX/2+6yZrlp9J2ZInv5+LQ4="
    },
    "jparser": {
      "version": "0.0.2",
      "resolved": "https://registry.npmjs.org/jparser/-/jparser-0.0.2.tgz",
      "integrity": "sha1-lSLUYfVrNMzyfCiqyExRUEQD4sM=",
      "requires": {
        "cssom": "~0.2.5",
        "cssstyle": "~0.2.3",
        "htmlparser": "~1.7.6",
        "location": "~0.0.1",
        "navigator": "~1.0.1"
      }
    },
    "location": {
      "version": "0.0.1",
      "resolved": "https://registry.npmjs.org/location/-/location-0.0.1.tgz",
      "integrity": "sha1-+gcdITZd12Zh4ica3oyhMU3G9YA="
    },
    "navigator": {
      "version": "1.0.1",
      "resolved": "https://registry.npmjs.org/navigator/-/navigator-1.0.1.tgz",
      "integrity": "sha1-umnBkpo5qbUOt+n1wRF4eJyveQ8="
    }
  }
}
